
Microsoft Visual Studio Solution File, Format Version 12.00
# Visual Studio Version 16
VisualStudioVersion = 16.0.29509.3
MinimumVisualStudioVersion = 10.0.40219.1
Project("{FAE04EC0-301F-11D3-BF4B-00C04F79EFBC}") = "MVCGamesReviewWebsite", "MVCGamesReviewWebsite\MVCGamesReviewWebsite.csproj", "{8356335B-E67D-427D-B61A-FE446D9B11B1}"
EndProject
Project("{FAE04EC0-301F-11D3-BF4B-00C04F79EFBC}") = "MVCGamesReviewWebsite.Tests", "MVCGamesReviewWebsite.Tests\MVCGamesReviewWebsite.Tests.csproj", "{4FA212F0-3C5E-42C7-B36B-BC591509AB6E}"
EndProject
Global
	GlobalSection(SolutionConfigurationPlatforms) = preSolution
		Debug|Any CPU = Debug|Any CPU
		Release|Any CPU = Release|Any CPU
	EndGlobalSection
	GlobalSection(ProjectConfigurationPlatforms) = postSolution
		{8356335B-E67D-427D-B61A-FE446D9B11B1}.Debug|Any CPU.ActiveCfg = Debug|Any CPU
		{8356335B-E67D-427D-B61A-FE446D9B11B1}.Debug|Any CPU.Build.0 = Debug|Any CPU
		{8356335B-E67D-427D-B61A-FE446D9B11B1}.Release|Any CPU.ActiveCfg = Release|Any CPU
		{8356335B-E67D-427D-B61A-FE446D9B11B1}.Release|Any CPU.Build.0 = Release|Any CPU
		{4FA212F0-3C5E-42C7-B36B-BC591509AB6E}.Debug|Any CPU.ActiveCfg = Debug|Any CPU
		{4FA212F0-3C5E-42C7-B36B-BC591509AB6E}.Debug|Any CPU.Build.0 = Debug|Any CPU
		{4FA212F0-3C5E-42C7-B36B-BC591509AB6E}.Release|Any CPU.ActiveCfg = Release|Any CPU
		{4FA212F0-3C5E-42C7-B36B-BC591509AB6E}.Release|Any CPU.Build.0 = Release|Any CPU
	EndGlobalSection
	GlobalSection(SolutionProperties) = preSolution
		HideSolutionNode = FALSE
	EndGlobalSection
	GlobalSection(ExtensibilityGlobals) = postSolution
		SolutionGuid = {9FCAD0FD-7176-4B8E-BB66-D3085C478C15}
	EndGlobalSection
EndGlobal
