
Microsoft Visual Studio Solution File, Format Version 12.00
# Visual Studio Version 16
VisualStudioVersion = 16.0.29509.3
MinimumVisualStudioVersion = 10.0.40219.1
Project("{FAE04EC0-301F-11D3-BF4B-00C04F79EFBC}") = "MVCGameReviewWebsite", "MVCGameReviewWebsite\MVCGameReviewWebsite.csproj", "{436A1179-0F8B-48E2-AB7E-CA96AD8AA149}"
EndProject
Project("{FAE04EC0-301F-11D3-BF4B-00C04F79EFBC}") = "MVCGameReviewWebsite.Tests", "MVCGameReviewWebsite.Tests\MVCGameReviewWebsite.Tests.csproj", "{29CFFB2C-B793-4FF9-963A-443F53AD54FA}"
EndProject
Global
	GlobalSection(SolutionConfigurationPlatforms) = preSolution
		Debug|Any CPU = Debug|Any CPU
		Release|Any CPU = Release|Any CPU
	EndGlobalSection
	GlobalSection(ProjectConfigurationPlatforms) = postSolution
		{436A1179-0F8B-48E2-AB7E-CA96AD8AA149}.Debug|Any CPU.ActiveCfg = Debug|Any CPU
		{436A1179-0F8B-48E2-AB7E-CA96AD8AA149}.Debug|Any CPU.Build.0 = Debug|Any CPU
		{436A1179-0F8B-48E2-AB7E-CA96AD8AA149}.Release|Any CPU.ActiveCfg = Release|Any CPU
		{436A1179-0F8B-48E2-AB7E-CA96AD8AA149}.Release|Any CPU.Build.0 = Release|Any CPU
		{29CFFB2C-B793-4FF9-963A-443F53AD54FA}.Debug|Any CPU.ActiveCfg = Debug|Any CPU
		{29CFFB2C-B793-4FF9-963A-443F53AD54FA}.Debug|Any CPU.Build.0 = Debug|Any CPU
		{29CFFB2C-B793-4FF9-963A-443F53AD54FA}.Release|Any CPU.ActiveCfg = Release|Any CPU
		{29CFFB2C-B793-4FF9-963A-443F53AD54FA}.Release|Any CPU.Build.0 = Release|Any CPU
	EndGlobalSection
	GlobalSection(SolutionProperties) = preSolution
		HideSolutionNode = FALSE
	EndGlobalSection
	GlobalSection(ExtensibilityGlobals) = postSolution
		SolutionGuid = {2B21E50E-5065-4885-AA31-0056289C03FD}
	EndGlobalSection
EndGlobal
