
Microsoft Visual Studio Solution File, Format Version 12.00
# Visual Studio Version 16
VisualStudioVersion = 16.0.29509.3
MinimumVisualStudioVersion = 10.0.40219.1
Project("{FAE04EC0-301F-11D3-BF4B-00C04F79EFBC}") = "GameReview", "GameReview\GameReview.csproj", "{B09052D3-DC79-49DE-B042-42AAC174DAD5}"
EndProject
Project("{FAE04EC0-301F-11D3-BF4B-00C04F79EFBC}") = "GameReview.Tests", "GameReview.Tests\GameReview.Tests.csproj", "{F4F48E38-E035-44DB-A5B9-52181F44AFB2}"
EndProject
Global
	GlobalSection(SolutionConfigurationPlatforms) = preSolution
		Debug|Any CPU = Debug|Any CPU
		Release|Any CPU = Release|Any CPU
	EndGlobalSection
	GlobalSection(ProjectConfigurationPlatforms) = postSolution
		{B09052D3-DC79-49DE-B042-42AAC174DAD5}.Debug|Any CPU.ActiveCfg = Debug|Any CPU
		{B09052D3-DC79-49DE-B042-42AAC174DAD5}.Debug|Any CPU.Build.0 = Debug|Any CPU
		{B09052D3-DC79-49DE-B042-42AAC174DAD5}.Release|Any CPU.ActiveCfg = Release|Any CPU
		{B09052D3-DC79-49DE-B042-42AAC174DAD5}.Release|Any CPU.Build.0 = Release|Any CPU
		{F4F48E38-E035-44DB-A5B9-52181F44AFB2}.Debug|Any CPU.ActiveCfg = Debug|Any CPU
		{F4F48E38-E035-44DB-A5B9-52181F44AFB2}.Debug|Any CPU.Build.0 = Debug|Any CPU
		{F4F48E38-E035-44DB-A5B9-52181F44AFB2}.Release|Any CPU.ActiveCfg = Release|Any CPU
		{F4F48E38-E035-44DB-A5B9-52181F44AFB2}.Release|Any CPU.Build.0 = Release|Any CPU
	EndGlobalSection
	GlobalSection(SolutionProperties) = preSolution
		HideSolutionNode = FALSE
	EndGlobalSection
	GlobalSection(ExtensibilityGlobals) = postSolution
		SolutionGuid = {A18FB1FC-F14E-4CED-BE9C-E2694245DBE1}
	EndGlobalSection
EndGlobal
